
Microsoft Visual Studio Solution File, Format Version 12.00
# Visual Studio Version 17
VisualStudioVersion = 17.6.33801.468
MinimumVisualStudioVersion = 10.0.40219.1
Project("{FAE04EC0-301F-11D3-BF4B-00C04F79EFBC}") = "CourseMat", "CourseMat\CourseMat.csproj", "{8EF3BB17-76EB-4D3B-A608-877FF00696F1}"
EndProject
Global
	GlobalSection(SolutionConfigurationPlatforms) = preSolution
		Debug|Any CPU = Debug|Any CPU
		Release|Any CPU = Release|Any CPU
	EndGlobalSection
	GlobalSection(ProjectConfigurationPlatforms) = postSolution
		{8EF3BB17-76EB-4D3B-A608-877FF00696F1}.Debug|Any CPU.ActiveCfg = Debug|Any CPU
		{8EF3BB17-76EB-4D3B-A608-877FF00696F1}.Debug|Any CPU.Build.0 = Debug|Any CPU
		{8EF3BB17-76EB-4D3B-A608-877FF00696F1}.Release|Any CPU.ActiveCfg = Release|Any CPU
		{8EF3BB17-76EB-4D3B-A608-877FF00696F1}.Release|Any CPU.Build.0 = Release|Any CPU
	EndGlobalSection
	GlobalSection(SolutionProperties) = preSolution
		HideSolutionNode = FALSE
	EndGlobalSection
	GlobalSection(ExtensibilityGlobals) = postSolution
		SolutionGuid = {32361530-BEBD-41A5-B2B5-0DF9F21CFC85}
	EndGlobalSection
EndGlobal
