
Microsoft Visual Studio Solution File, Format Version 12.00
# Visual Studio Version 17
VisualStudioVersion = 17.4.33205.214
MinimumVisualStudioVersion = 10.0.40219.1
Project("{FAE04EC0-301F-11D3-BF4B-00C04F79EFBC}") = "SistemaVendasProdutos", "SistemaVendasProdutos\SistemaVendasProdutos.csproj", "{D4377C7B-F0CC-4AEF-941C-62D953E34F18}"
EndProject
Global
	GlobalSection(SolutionConfigurationPlatforms) = preSolution
		Debug|Any CPU = Debug|Any CPU
		Release|Any CPU = Release|Any CPU
	EndGlobalSection
	GlobalSection(ProjectConfigurationPlatforms) = postSolution
		{D4377C7B-F0CC-4AEF-941C-62D953E34F18}.Debug|Any CPU.ActiveCfg = Debug|Any CPU
		{D4377C7B-F0CC-4AEF-941C-62D953E34F18}.Debug|Any CPU.Build.0 = Debug|Any CPU
		{D4377C7B-F0CC-4AEF-941C-62D953E34F18}.Release|Any CPU.ActiveCfg = Release|Any CPU
		{D4377C7B-F0CC-4AEF-941C-62D953E34F18}.Release|Any CPU.Build.0 = Release|Any CPU
	EndGlobalSection
	GlobalSection(SolutionProperties) = preSolution
		HideSolutionNode = FALSE
	EndGlobalSection
	GlobalSection(ExtensibilityGlobals) = postSolution
		SolutionGuid = {E14F592C-E16C-4E65-B538-BF5E3DE9700B}
	EndGlobalSection
EndGlobal
