
Microsoft Visual Studio Solution File, Format Version 12.00
# Visual Studio Version 17
VisualStudioVersion = 17.4.33205.214
MinimumVisualStudioVersion = 10.0.40219.1
Project("{FAE04EC0-301F-11D3-BF4B-00C04F79EFBC}") = "GestaoPessoa", "GestaoPessoa\GestaoPessoa.csproj", "{51F3D5CF-985C-47E1-8361-46508EDBD8C6}"
EndProject
Global
	GlobalSection(SolutionConfigurationPlatforms) = preSolution
		Debug|Any CPU = Debug|Any CPU
		Release|Any CPU = Release|Any CPU
	EndGlobalSection
	GlobalSection(ProjectConfigurationPlatforms) = postSolution
		{51F3D5CF-985C-47E1-8361-46508EDBD8C6}.Debug|Any CPU.ActiveCfg = Debug|Any CPU
		{51F3D5CF-985C-47E1-8361-46508EDBD8C6}.Debug|Any CPU.Build.0 = Debug|Any CPU
		{51F3D5CF-985C-47E1-8361-46508EDBD8C6}.Release|Any CPU.ActiveCfg = Release|Any CPU
		{51F3D5CF-985C-47E1-8361-46508EDBD8C6}.Release|Any CPU.Build.0 = Release|Any CPU
	EndGlobalSection
	GlobalSection(SolutionProperties) = preSolution
		HideSolutionNode = FALSE
	EndGlobalSection
	GlobalSection(ExtensibilityGlobals) = postSolution
		SolutionGuid = {96D40731-1D21-4FB0-87E4-87119847888E}
	EndGlobalSection
EndGlobal
